
Microsoft Visual Studio Solution File, Format Version 12.00
# Visual Studio Version 16
VisualStudioVersion = 16.0.29905.134
MinimumVisualStudioVersion = 10.0.40219.1
Project("{FAE04EC0-301F-11D3-BF4B-00C04F79EFBC}") = "SpeakingInBits", "SpeakingInBits\SpeakingInBits.csproj", "{A7C552A6-C22F-430E-BCC2-D64C44244BA4}"
EndProject
Global
	GlobalSection(SolutionConfigurationPlatforms) = preSolution
		Debug|Any CPU = Debug|Any CPU
		Release|Any CPU = Release|Any CPU
	EndGlobalSection
	GlobalSection(ProjectConfigurationPlatforms) = postSolution
		{A7C552A6-C22F-430E-BCC2-D64C44244BA4}.Debug|Any CPU.ActiveCfg = Debug|Any CPU
		{A7C552A6-C22F-430E-BCC2-D64C44244BA4}.Debug|Any CPU.Build.0 = Debug|Any CPU
		{A7C552A6-C22F-430E-BCC2-D64C44244BA4}.Release|Any CPU.ActiveCfg = Release|Any CPU
		{A7C552A6-C22F-430E-BCC2-D64C44244BA4}.Release|Any CPU.Build.0 = Release|Any CPU
	EndGlobalSection
	GlobalSection(SolutionProperties) = preSolution
		HideSolutionNode = FALSE
	EndGlobalSection
	GlobalSection(ExtensibilityGlobals) = postSolution
		SolutionGuid = {39D34E1C-90D2-458D-903D-E2D5C67A2782}
	EndGlobalSection
EndGlobal
